{
  "name": "roc-eln-config",
  "version": "1.0.0",
  "lockfileVersion": 1,
  "requires": true,
  "dependencies": {
    "assign-deep": {
      "version": "1.0.1",
      "resolved": "https://registry.npmjs.org/assign-deep/-/assign-deep-1.0.1.tgz",
      "integrity": "sha512-CSXAX79mibneEYfqLT5FEmkqR5WXF+xDRjgQQuVf6wSCXCYU8/vHttPidNar7wJ5BFmKAo8Wei0rCtzb+M/yeA==",
      "requires": {
        "assign-symbols": "^2.0.2"
      }
    },
    "assign-symbols": {
      "version": "2.0.2",
      "resolved": "https://registry.npmjs.org/assign-symbols/-/assign-symbols-2.0.2.tgz",
      "integrity": "sha512-9sBQUQZMKFKcO/C3Bo6Rx4CQany0R0UeVcefNGRRdW2vbmaMOhV1sbmlXcQLcD56juLXbSGTBm0GGuvmrAF8pA=="
    },
    "asynckit": {
      "version": "0.4.0",
      "resolved": "https://registry.npmjs.org/asynckit/-/asynckit-0.4.0.tgz",
      "integrity": "sha1-x57Zf380y48robyXkLzDZkdLS3k="
    },
    "atom-sorter": {
      "version": "1.1.9",
      "resolved": "https://registry.npmjs.org/atom-sorter/-/atom-sorter-1.1.9.tgz",
      "integrity": "sha512-BTv7v5TsDdTsSv3zlCH5aniuTh86JUoZZ7x3sx7PDpqfMVUzCkSdjSPo+fsbxWiQEPC54uJJbokBUKFWMT3XnA=="
    },
    "binary-search": {
      "version": "1.3.6",
      "resolved": "https://registry.npmjs.org/binary-search/-/binary-search-1.3.6.tgz",
      "integrity": "sha512-nbE1WxOTTrUWIfsfZ4aHGYu5DOuNkbxGokjV6Z2kxfJK3uaAb8zNK1muzOeipoLHZjInT4Br88BHpzevc681xA=="
    },
    "call-bind": {
      "version": "1.0.2",
      "resolved": "https://registry.npmjs.org/call-bind/-/call-bind-1.0.2.tgz",
      "integrity": "sha512-7O+FbCihrB5WGbFYesctwmTKae6rOiIzmz1icreWJ+0aA7LJfuqhEso2T9ncpcFtzMQtzXf2QGGueWJGTYsqrA==",
      "requires": {
        "function-bind": "^1.1.1",
        "get-intrinsic": "^1.0.2"
      }
    },
    "combined-stream": {
      "version": "1.0.8",
      "resolved": "https://registry.npmjs.org/combined-stream/-/combined-stream-1.0.8.tgz",
      "integrity": "sha512-FQN4MRfuJeHf7cBbBMJFXhKSDq+2kAArBlmRBvcvFE5BB1HZKXtSFASDhdlz9zOYwxh8lDdnvmMOe/+5cdoEdg==",
      "requires": {
        "delayed-stream": "~1.0.0"
      }
    },
    "component-emitter": {
      "version": "1.3.0",
      "resolved": "https://registry.npmjs.org/component-emitter/-/component-emitter-1.3.0.tgz",
      "integrity": "sha512-Rd3se6QB+sO1TwqZjscQrurpEPIfO0/yYnSin6Q/rD3mOutHvUrCAhJub3r90uNb+SESBuE0QYoB90YdfatsRg=="
    },
    "cookiejar": {
      "version": "2.1.2",
      "resolved": "https://registry.npmjs.org/cookiejar/-/cookiejar-2.1.2.tgz",
      "integrity": "sha512-Mw+adcfzPxcPeI+0WlvRrr/3lGVO0bD75SxX6811cxSh1Wbxx7xZBGK1eVtDf6si8rg2lhnUjsVLMFMfbRIuwA=="
    },
    "core-util-is": {
      "version": "1.0.2",
      "resolved": "https://registry.npmjs.org/core-util-is/-/core-util-is-1.0.2.tgz",
      "integrity": "sha1-tf1UIgqivFq1eqtxQMlAdUUDwac="
    },
    "cross-fetch": {
      "version": "3.1.4",
      "resolved": "https://registry.npmjs.org/cross-fetch/-/cross-fetch-3.1.4.tgz",
      "integrity": "sha512-1eAtFWdIubi6T4XPy6ei9iUFoKpUkIF971QLN8lIvvvwueI65+Nw5haMNKUwfJxabqlIIDODJKGrQ66gxC0PbQ==",
      "requires": {
        "node-fetch": "2.6.1"
      }
    },
    "d3-array": {
      "version": "0.7.1",
      "resolved": "https://registry.npmjs.org/d3-array/-/d3-array-0.7.1.tgz",
      "integrity": "sha1-oyHCFVhFnZlOtK1HtHgkDmSTOUI="
    },
    "d3-random": {
      "version": "2.2.2",
      "resolved": "https://registry.npmjs.org/d3-random/-/d3-random-2.2.2.tgz",
      "integrity": "sha512-0D9P8TRj6qDAtHhRQn6EfdOtHMfsUWanl3yb/84C4DqpZ+VsgfI5iTVRNRbELCfNvRfpMr8OrqqUTQ6ANGCijw=="
    },
    "debug": {
      "version": "4.3.1",
      "resolved": "https://registry.npmjs.org/debug/-/debug-4.3.1.tgz",
      "integrity": "sha512-doEwdvm4PCeK4K3RQN2ZC2BYUBaxwLARCqZmMjtF8a51J2Rb0xpVloFRnCODwqjpwnAoao4pelN8l3RJdv3gRQ==",
      "requires": {
        "ms": "2.1.2"
      }
    },
    "delayed-stream": {
      "version": "1.0.0",
      "resolved": "https://registry.npmjs.org/delayed-stream/-/delayed-stream-1.0.0.tgz",
      "integrity": "sha1-3zrhmayt+31ECqrgsp4icrJOxhk="
    },
    "duplexify": {
      "version": "4.1.1",
      "resolved": "https://registry.npmjs.org/duplexify/-/duplexify-4.1.1.tgz",
      "integrity": "sha512-DY3xVEmVHTv1wSzKNbwoU6nVjzI369Y6sPoqfYr0/xlx3IdX2n94xIszTcjPO8W8ZIv0Wb0PXNcjuZyT4wiICA==",
      "requires": {
        "end-of-stream": "^1.4.1",
        "inherits": "^2.0.3",
        "readable-stream": "^3.1.1",
        "stream-shift": "^1.0.0"
      }
    },
    "end-of-stream": {
      "version": "1.4.4",
      "resolved": "https://registry.npmjs.org/end-of-stream/-/end-of-stream-1.4.4.tgz",
      "integrity": "sha512-+uw1inIHVPQoaVuHzRyXd21icM+cnt4CzD5rW+NC1wjOUSTOs+Te7FOv7AhN7vS9x/oIyhLP5PR1H+phQAHu5Q==",
      "requires": {
        "once": "^1.4.0"
      }
    },
    "ensure-string": {
      "version": "0.1.1",
      "resolved": "https://registry.npmjs.org/ensure-string/-/ensure-string-0.1.1.tgz",
      "integrity": "sha512-UHbyeCs+qoLfrDEfoziTHdvP7BlIglCvt6mCturFR6LzUEh3HLfNmMqFHG8gXeAOR/YqEw9sZ0QSVBqjrzZUqg=="
    },
    "fast-safe-stringify": {
      "version": "2.0.7",
      "resolved": "https://registry.npmjs.org/fast-safe-stringify/-/fast-safe-stringify-2.0.7.tgz",
      "integrity": "sha512-Utm6CdzT+6xsDk2m8S6uL8VHxNwI6Jub+e9NYTcAms28T84pTa25GJQV9j0CY0N1rM8hK4x6grpF2BQf+2qwVA=="
    },
    "fft.js": {
      "version": "4.0.4",
      "resolved": "https://registry.npmjs.org/fft.js/-/fft.js-4.0.4.tgz",
      "integrity": "sha512-f9c00hphOgeQTlDyavwTtu6RiK8AIFjD6+jvXkNkpeQ7rirK3uFWVpalkoS4LAwbdX7mfZ8aoBfFVQX1Re/8aw=="
    },
    "form-data": {
      "version": "4.0.0",
      "resolved": "https://registry.npmjs.org/form-data/-/form-data-4.0.0.tgz",
      "integrity": "sha512-ETEklSGi5t0QMZuiXoA/Q6vcnxcLQP5vdugSpuAyi6SVGi2clPPp+xgEhuMaHC+zGgn31Kd235W35f7Hykkaww==",
      "requires": {
        "asynckit": "^0.4.0",
        "combined-stream": "^1.0.8",
        "mime-types": "^2.1.12"
      }
    },
    "formidable": {
      "version": "1.2.2",
      "resolved": "https://registry.npmjs.org/formidable/-/formidable-1.2.2.tgz",
      "integrity": "sha512-V8gLm+41I/8kguQ4/o1D3RIHRmhYFG4pnNyonvua+40rqcEmT4+V71yaZ3B457xbbgCsCfjSPi65u/W6vK1U5Q=="
    },
    "function-bind": {
      "version": "1.1.1",
      "resolved": "https://registry.npmjs.org/function-bind/-/function-bind-1.1.1.tgz",
      "integrity": "sha512-yIovAzMX49sF8Yl58fSCWJ5svSLuaibPxXQJFLmBObTuCr0Mf1KiPopGM9NiFjiYBCbfaa2Fh6breQ6ANVTI0A=="
    },
    "genbank-parser": {
      "version": "1.2.4",
      "resolved": "https://registry.npmjs.org/genbank-parser/-/genbank-parser-1.2.4.tgz",
      "integrity": "sha512-r3pTgKHZx/rol90v2cezrNhfMhq3yHWCnBYyETNIJkvnJk+cwx/D/ZVgAy1SX8zwtnfvYQmFbqlpbh2f4t0h2w=="
    },
    "get-intrinsic": {
      "version": "1.1.1",
      "resolved": "https://registry.npmjs.org/get-intrinsic/-/get-intrinsic-1.1.1.tgz",
      "integrity": "sha512-kWZrnVM42QCiEA2Ig1bG8zjoIMOgxWwYCEeNdwY6Tv/cOSeGpcoX4pXHfKUxNKVoArnrEr2e9srnAxxGIraS9Q==",
      "requires": {
        "function-bind": "^1.1.1",
        "has": "^1.0.3",
        "has-symbols": "^1.0.1"
      }
    },
    "has": {
      "version": "1.0.3",
      "resolved": "https://registry.npmjs.org/has/-/has-1.0.3.tgz",
      "integrity": "sha512-f2dvO0VU6Oej7RkWJGrehjbzMAjFp5/VKPp5tTpWIV4JHHZK1/BxbFRtf/siA2SWTe09caDmVtYYzWEIbBS4zw==",
      "requires": {
        "function-bind": "^1.1.1"
      }
    },
    "has-symbols": {
      "version": "1.0.2",
      "resolved": "https://registry.npmjs.org/has-symbols/-/has-symbols-1.0.2.tgz",
      "integrity": "sha512-chXa79rL/UC2KlX17jo3vRGz0azaWEx5tGqZg5pO3NUyEJVB17dMruQlzCCOfUvElghKcm5194+BCRvi2Rv/Gw=="
    },
    "heap": {
      "version": "0.2.6",
      "resolved": "https://registry.npmjs.org/heap/-/heap-0.2.6.tgz",
      "integrity": "sha1-CH4fELBGky/IWU3Z5tN4r8nR5aw="
    },
    "inherits": {
      "version": "2.0.4",
      "resolved": "https://registry.npmjs.org/inherits/-/inherits-2.0.4.tgz",
      "integrity": "sha512-k/vGaX4/Yla3WzyMCvTQOXYeIHvqOKtnqBduzTHpzpQZzAskKMhZ2K+EnBiSM9zGSoIFeMpXKxa4dYeZIQqewQ=="
    },
    "is-any-array": {
      "version": "1.0.0",
      "resolved": "https://registry.npmjs.org/is-any-array/-/is-any-array-1.0.0.tgz",
      "integrity": "sha512-0o0ZsgObnylv72nO39P6M+PL7jPUEx39O6BEfZuX36IKPy/RpdudxluAIaRn/LZi5eVPDMlMBaLABzOK6bwPlw=="
    },
    "isarray": {
      "version": "1.0.0",
      "resolved": "https://registry.npmjs.org/isarray/-/isarray-1.0.0.tgz",
      "integrity": "sha1-u5NdSFgsuhaMBoNJV6VKPgcSTxE="
    },
    "jcampconverter": {
      "version": "8.1.2",
      "resolved": "https://registry.npmjs.org/jcampconverter/-/jcampconverter-8.1.2.tgz",
      "integrity": "sha512-ApAuBT1Xehfzg6XdKOekhtRWpo5e7Wa3Jn9SyNFEU+7sIbyud+B/bYoaCRIVIOBXMsq2cFNgeYrmnaS17HqiZg==",
      "requires": {
        "ensure-string": "^0.1.1",
        "ml-array-median": "^1.1.5",
        "nmr-processing": "^1.4.0"
      }
    },
    "lru-cache": {
      "version": "6.0.0",
      "resolved": "https://registry.npmjs.org/lru-cache/-/lru-cache-6.0.0.tgz",
      "integrity": "sha512-Jo6dJ04CmSjuznwJSS3pUeWmd/H0ffTlkXXgwZi+eq1UCmqQwCh+eLsYOYCwY991i2Fah4h1BEMCx4qThGbsiA==",
      "requires": {
        "yallist": "^4.0.0"
      }
    },
    "median-quickselect": {
      "version": "1.0.1",
      "resolved": "https://registry.npmjs.org/median-quickselect/-/median-quickselect-1.0.1.tgz",
      "integrity": "sha1-3jQIA1pbLwQ4o5uZiT+vPn1hd/g="
    },
    "methods": {
      "version": "1.1.2",
      "resolved": "https://registry.npmjs.org/methods/-/methods-1.1.2.tgz",
      "integrity": "sha1-VSmk1nZUE07cxSZmVoNbD4Ua/O4="
    },
    "mime": {
      "version": "2.5.2",
      "resolved": "https://registry.npmjs.org/mime/-/mime-2.5.2.tgz",
      "integrity": "sha512-tqkh47FzKeCPD2PUiPB6pkbMzsCasjxAfC62/Wap5qrUWcb+sFasXUC5I3gYM5iBM8v/Qpn4UK0x+j0iHyFPDg=="
    },
    "mime-db": {
      "version": "1.48.0",
      "resolved": "https://registry.npmjs.org/mime-db/-/mime-db-1.48.0.tgz",
      "integrity": "sha512-FM3QwxV+TnZYQ2aRqhlKBMHxk10lTbMt3bBkMAp54ddrNeVSfcQYOOKuGuy3Ddrm38I04If834fOUSq1yzslJQ=="
    },
    "mime-types": {
      "version": "2.1.31",
      "resolved": "https://registry.npmjs.org/mime-types/-/mime-types-2.1.31.tgz",
      "integrity": "sha512-XGZnNzm3QvgKxa8dpzyhFTHmpP3l5YNusmne07VUOXxou9CqUqYa/HBy124RqtVh/O2pECas/MOcsDgpilPOPg==",
      "requires": {
        "mime-db": "1.48.0"
      }
    },
    "ml-array-max": {
      "version": "1.2.3",
      "resolved": "https://registry.npmjs.org/ml-array-max/-/ml-array-max-1.2.3.tgz",
      "integrity": "sha512-49YwnLlAf4/E/VyezUz+SNfSBhPE8JTahxRPuyM9S9Uv+ft5x0C8A4trtkDgrttMxoxbhudTA1yg8zgJZaYtpA==",
      "requires": {
        "is-any-array": "^1.0.0"
      }
    },
    "ml-array-mean": {
      "version": "1.1.5",
      "resolved": "https://registry.npmjs.org/ml-array-mean/-/ml-array-mean-1.1.5.tgz",
      "integrity": "sha512-CNfsSJzVrU/S6AvJSZJkPvKk6mkEYBkIU7hlSHD1Ha27d2tzfo3b7xG5uP70/USvOfMcyfVRwXbxIiZ9Ky4LKA==",
      "requires": {
        "ml-array-sum": "^1.1.5"
      }
    },
    "ml-array-median": {
      "version": "1.1.5",
      "resolved": "https://registry.npmjs.org/ml-array-median/-/ml-array-median-1.1.5.tgz",
      "integrity": "sha512-rI+g1s8o81UXtjIT0uv0yfjW92Ksi936K+iewpW3f6SfV/DDUVI1CJRFtLi99s5gaKZUMpmMV9c8XyeXh4t1Zw==",
      "requires": {
        "is-any-array": "^1.0.0",
        "median-quickselect": "^1.0.1"
      }
    },
    "ml-array-min": {
      "version": "1.2.2",
      "resolved": "https://registry.npmjs.org/ml-array-min/-/ml-array-min-1.2.2.tgz",
      "integrity": "sha512-yidQcOHFaGEuVr6FcwAn+QvKXJv1Lxel5fyKrO+aXGJGp97Mt+p8r21WYtikS/PTVbxdSrliQ0UK4wSHYHHgzQ==",
      "requires": {
        "is-any-array": "^1.0.0"
      }
    },
    "ml-array-rescale": {
      "version": "1.3.5",
      "resolved": "https://registry.npmjs.org/ml-array-rescale/-/ml-array-rescale-1.3.5.tgz",
      "integrity": "sha512-czK+faN7kYrF48SgVQeXGkxUjDEas6BA4EzF4jJNh8UEtzpSvHW3RllZCJCCyrAqeFc+Y/LhgYUzuHFpevM3qA==",
      "requires": {
        "is-any-array": "^1.0.0",
        "ml-array-max": "^1.2.3",
        "ml-array-min": "^1.2.2"
      }
    },
    "ml-array-sequential-fill": {
      "version": "1.1.6",
      "resolved": "https://registry.npmjs.org/ml-array-sequential-fill/-/ml-array-sequential-fill-1.1.6.tgz",
      "integrity": "sha512-w1AZ8nrwXRMnpdAFOY57CT6Mqh0XBpqmY+7MGdV0c2BktfSMGI5E+8d+F9NFVpnAD01LkatYy6kN8T2y+LA66Q==",
      "requires": {
        "is-any-array": "^1.0.0"
      }
    },
    "ml-array-standard-deviation": {
      "version": "1.1.6",
      "resolved": "https://registry.npmjs.org/ml-array-standard-deviation/-/ml-array-standard-deviation-1.1.6.tgz",
      "integrity": "sha512-nGKMlSHXB1bqVxTWCHCeeQ9NU/HMGekzonQUs2fcxr7s7YaP/CiG9rKX0yJgUh26DDsbL7meAoXC3EcgI9kp5w==",
      "requires": {
        "is-any-array": "^1.0.0",
        "ml-array-variance": "^1.1.6"
      }
    },
    "ml-array-sum": {
      "version": "1.1.5",
      "resolved": "https://registry.npmjs.org/ml-array-sum/-/ml-array-sum-1.1.5.tgz",
      "integrity": "sha512-Q+2SmsgkuW1HOdds0mv8Df6NXLruDOqOJfdA314X3lBaU2Wt1TFdJ35j5/StcAC13hkGuDcpz62jNPytBSEqpA==",
      "requires": {
        "is-any-array": "^1.0.0"
      }
    },
    "ml-array-variance": {
      "version": "1.1.6",
      "resolved": "https://registry.npmjs.org/ml-array-variance/-/ml-array-variance-1.1.6.tgz",
      "integrity": "sha512-piAUEEuqLlw2LFrs0qY34krxuT2eNhWOspS6eErmcP2Z9mSB+IBTrL7jdIIByaW2IiqvbkZgSkfEC/9q6PnlFw==",
      "requires": {
        "is-any-array": "^1.0.0",
        "ml-array-mean": "^1.1.5"
      }
    },
    "ml-disjoint-set": {
      "version": "1.0.0",
      "resolved": "https://registry.npmjs.org/ml-disjoint-set/-/ml-disjoint-set-1.0.0.tgz",
      "integrity": "sha1-bNjlg+71oCWFNIuY0N8h/YPvYII="
    },
    "ml-distance-euclidean": {
      "version": "2.0.0",
      "resolved": "https://registry.npmjs.org/ml-distance-euclidean/-/ml-distance-euclidean-2.0.0.tgz",
      "integrity": "sha512-yC9/2o8QF0A3m/0IXqCTXCzz2pNEzvmcE/9HFKOZGnTjatvBbsn4lWYJkxENkA4Ug2fnYl7PXQxnPi21sgMy/Q=="
    },
    "ml-distance-matrix": {
      "version": "2.0.1",
      "resolved": "https://registry.npmjs.org/ml-distance-matrix/-/ml-distance-matrix-2.0.1.tgz",
      "integrity": "sha512-6wt3bvK8WzAjyuBt9+wnyGanphrAZyqJGwiEEfuknfu8IQBtHYWpyLhjtQ8R7rjiPyXlF9eP7GcI5L7OA1NLEQ=="
    },
    "ml-fft": {
      "version": "1.3.5",
      "resolved": "https://registry.npmjs.org/ml-fft/-/ml-fft-1.3.5.tgz",
      "integrity": "sha1-7/wfPF0LgDoLOXOP6z2s0nwUUBA="
    },
    "ml-floyd-warshall": {
      "version": "1.0.3",
      "resolved": "https://registry.npmjs.org/ml-floyd-warshall/-/ml-floyd-warshall-1.0.3.tgz",
      "integrity": "sha512-MI3DqZ3ex443jbLw1z6LPD9boqLtOrj2NOywRbbnkDtW2OQoUFIQmLuzYvGLl+7shQVr88Jct8ohKss+kdqtfg==",
      "requires": {
        "ml-matrix": "^6.4.1"
      }
    },
    "ml-gsd": {
      "version": "6.6.2",
      "resolved": "https://registry.npmjs.org/ml-gsd/-/ml-gsd-6.6.2.tgz",
      "integrity": "sha512-USboWo1C+7XFTX13pbzrHDwXsNLaECSddVhr/MpZm2znk2AtDbLBSJrLwsDKCMHh/FGXVGJ4ShrHdOvSGiGkeA==",
      "requires": {
        "ml-peak-shape-generator": "^1.0.0",
        "ml-savitzky-golay-generalized": "2.0.3",
        "ml-spectra-fitting": "^1.0.0",
        "ml-spectra-processing": "^6.5.0"
      }
    },
    "ml-hash-table": {
      "version": "1.0.0",
      "resolved": "https://registry.npmjs.org/ml-hash-table/-/ml-hash-table-1.0.0.tgz",
      "integrity": "sha512-KV2uRIUbox0xuJ5Gkmr3udX0eNqr+c2HiSqz+sqAtQOnSm46zBmzDJvZX9t4hhcqqyEmGPvxFzx5SnwCfGhXNw==",
      "requires": {
        "binary-search": "^1.3.5",
        "num-sort": "^2.0.0"
      }
    },
    "ml-hclust": {
      "version": "3.0.0",
      "resolved": "https://registry.npmjs.org/ml-hclust/-/ml-hclust-3.0.0.tgz",
      "integrity": "sha512-iv4wjDyrYSlCazNLfW7jqrFmFRPhtd90eW/cfUQ/HKq6S8bh1V6XbXh90mgyX3c7vkUt7NOKtJwM7ialw8PdqQ==",
      "requires": {
        "heap": "^0.2.6",
        "ml-distance-euclidean": "^2.0.0",
        "ml-distance-matrix": "^2.0.0",
        "ml-matrix": "^6.1.2"
      }
    },
    "ml-levenberg-marquardt": {
      "version": "3.1.1",
      "resolved": "https://registry.npmjs.org/ml-levenberg-marquardt/-/ml-levenberg-marquardt-3.1.1.tgz",
      "integrity": "sha512-3/AC2MQqlbbIeVon2DO5eNHFNHPw+2ycGJKtySXOB0YNoAvIqLhVQGIH8/bouI3q6XJgjnLFr9B90BPKNPVu8w==",
      "requires": {
        "is-any-array": "^1.0.0",
        "ml-matrix": "^6.7.0"
      }
    },
    "ml-matrix": {
      "version": "6.8.0",
      "resolved": "https://registry.npmjs.org/ml-matrix/-/ml-matrix-6.8.0.tgz",
      "integrity": "sha512-c29k/gtyzLeNs0vLB2u4hHYcKr8PdyIs4oB0OsVhlgKiHbYyFkC2e98FcUPKhcnzn234jeZk42No+6d4bXBDNg==",
      "requires": {
        "ml-array-rescale": "^1.3.5"
      }
    },
    "ml-matrix-convolution": {
      "version": "1.0.0",
      "resolved": "https://registry.npmjs.org/ml-matrix-convolution/-/ml-matrix-convolution-1.0.0.tgz",
      "integrity": "sha512-+gS36VTRjBMtUDXlKlAgSs+pZLfOEY0JF/64QRRNq+6KIPCfPlzVO3P41iSEjp1NPwofhLcIJBgKIZyH6ylSVA==",
      "requires": {
        "ml-fft": "1.3.5"
      }
    },
    "ml-matrix-peaks-finder": {
      "version": "1.0.0",
      "resolved": "https://registry.npmjs.org/ml-matrix-peaks-finder/-/ml-matrix-peaks-finder-1.0.0.tgz",
      "integrity": "sha512-a3SZrvADI6kAbOvICnnNbacC+UB6xPRbgbKxGhFeISUCoe4M3g3RMp9UaUFNFA/rRjWNtW+rGioeOH8UNPZT/Q==",
      "requires": {
        "ml-disjoint-set": "^1.0.0",
        "ml-matrix-convolution": "^1.0.0"
      }
    },
    "ml-peak-shape-generator": {
      "version": "1.0.0",
      "resolved": "https://registry.npmjs.org/ml-peak-shape-generator/-/ml-peak-shape-generator-1.0.0.tgz",
      "integrity": "sha512-hQATbT0aEmFRtnfjIYJfkuaXU+pgyzuT9MxJZhfLDtr45TAk1rWhWBzcTgvoJlRKTdCllGUJoJD6Pj39v5jGtg=="
    },
    "ml-savitzky-golay-generalized": {
      "version": "2.0.3",
      "resolved": "https://registry.npmjs.org/ml-savitzky-golay-generalized/-/ml-savitzky-golay-generalized-2.0.3.tgz",
      "integrity": "sha512-iaNSiVQeKekOvcrCzDJ2QoOuxRZEZcmZbf8EiI3+bN7riIBLSb6wj3u8LgxmTft2vZdJvw26DEdZvwUYx0T9xQ=="
    },
    "ml-simple-clustering": {
      "version": "0.1.0",
      "resolved": "https://registry.npmjs.org/ml-simple-clustering/-/ml-simple-clustering-0.1.0.tgz",
      "integrity": "sha1-EbYAgQtNJkvdYCqUCNMef7EwfNU="
    },
    "ml-sparse-matrix": {
      "version": "2.1.0",
      "resolved": "https://registry.npmjs.org/ml-sparse-matrix/-/ml-sparse-matrix-2.1.0.tgz",
      "integrity": "sha512-ukJGbyGv+Zc0llNLVRpegMhRFW14O+i9ZhSEGBxuuSX8g5rA1S+Q+0r2JMKDM9cNM8QsvgtOPG7z/7pbjpoqzg==",
      "requires": {
        "ml-hash-table": "^1.0.0"
      }
    },
    "ml-spectra-fitting": {
      "version": "1.0.0",
      "resolved": "https://registry.npmjs.org/ml-spectra-fitting/-/ml-spectra-fitting-1.0.0.tgz",
      "integrity": "sha512-oQJ8e0jSGYaS049+BdiFiqM3IH8XGZCl+aREf/gIy+ICXSczEzJGzCCsiM6EkNfufhr/rYkzKOBsVkIwuZ6EyQ==",
      "requires": {
        "assign-deep": "^1.0.1",
        "ml-array-max": "^1.2.2",
        "ml-levenberg-marquardt": "^3.1.0",
        "ml-peak-shape-generator": "^1.0.0"
      }
    },
    "ml-spectra-processing": {
      "version": "6.6.0",
      "resolved": "https://registry.npmjs.org/ml-spectra-processing/-/ml-spectra-processing-6.6.0.tgz",
      "integrity": "sha512-HI1XcD7G0zvxA7GRY73ZLNqJuN4pG0OcD7j7oXHGnZaDU1L76fsTTScjp7FEO9gFNi04od2LBi1AHOcCzqymBw==",
      "requires": {
        "fft.js": "^4.0.4",
        "is-any-array": "^1.0.0",
        "ml-array-max": "^1.2.3",
        "ml-array-mean": "^1.1.5",
        "ml-array-median": "^1.1.5",
        "ml-array-min": "^1.2.2",
        "ml-array-sequential-fill": "^1.1.6",
        "ml-array-standard-deviation": "^1.1.6",
        "ml-gsd": "^6.6.1",
        "ml-matrix": "^6.8.0",
        "spline-interpolator": "^1.0.0"
      }
    },
    "ml-xsadd": {
      "version": "2.0.0",
      "resolved": "https://registry.npmjs.org/ml-xsadd/-/ml-xsadd-2.0.0.tgz",
      "integrity": "sha512-VoAYUqmPRmzKbbqRejjqceGFp3VF81Qe8XXFGU0UXLxB7Mf4GGvyGq5Qn3k4AiQgDEV6WzobqlPOd+j0+m6IrA=="
    },
    "ms": {
      "version": "2.1.2",
      "resolved": "https://registry.npmjs.org/ms/-/ms-2.1.2.tgz",
      "integrity": "sha512-sGkPx+VjMtmA6MX27oA4FBFELFCZZ4S4XqeGOXCv68tT+jb3vk/RyaKWP0PTKyWtmLSM0b+adUTEvbs1PEaH2w=="
    },
    "nmr-metadata": {
      "version": "3.1.1",
      "resolved": "https://registry.npmjs.org/nmr-metadata/-/nmr-metadata-3.1.1.tgz",
      "integrity": "sha512-e5CESuy/MUJDiDA/gCv1ybTVOaw/A4EQQ7ghXf1b8noaF+zSxgKO7Ttml7wKcy8UqUVMYExWhhlHwBdFUKQMEg==",
      "requires": {
        "jcampconverter": "^8.1.1",
        "nmr-processing": "^1.2.0"
      }
    },
    "nmr-processing": {
      "version": "1.4.0",
      "resolved": "https://registry.npmjs.org/nmr-processing/-/nmr-processing-1.4.0.tgz",
      "integrity": "sha512-xxPHFQ+L80RXsS+sH3g2rbPLUCML7roi9d6o8suppS//F0/CShOAOhqdQTbZCvyvmU+P56HreKcRM/8uiW+HYw==",
      "requires": {
        "assign-deep": "^1.0.1",
        "binary-search": "^1.3.6",
        "cross-fetch": "^3.1.4",
        "form-data": "^4.0.0",
        "is-any-array": "^1.0.0",
        "ml-array-mean": "^1.1.5",
        "ml-array-rescale": "^1.3.5",
        "ml-array-sum": "^1.1.5",
        "ml-gsd": "^6.6.1",
        "ml-hclust": "^3.0.0",
        "ml-levenberg-marquardt": "^3.1.1",
        "ml-matrix": "^6.8.0",
        "ml-matrix-convolution": "^1.0.0",
        "ml-matrix-peaks-finder": "^1.0.0",
        "ml-peak-shape-generator": "^1.0.0",
        "ml-simple-clustering": "^0.1.0",
        "ml-sparse-matrix": "^2.1.0",
        "ml-spectra-processing": "^6.5.0",
        "openchemlib-utils": "^1.1.0",
        "spectrum-generator": "^4.7.1"
      }
    },
    "node-fetch": {
      "version": "2.6.1",
      "resolved": "https://registry.npmjs.org/node-fetch/-/node-fetch-2.6.1.tgz",
      "integrity": "sha512-V4aYg89jEoVRxRb2fJdAg8FHvI7cEyYdVAh94HH0UIK8oJxUfkjlDQN9RbMx+bEjP7+ggMiFRprSti032Oipxw=="
    },
    "num-sort": {
      "version": "2.1.0",
      "resolved": "https://registry.npmjs.org/num-sort/-/num-sort-2.1.0.tgz",
      "integrity": "sha512-1MQz1Ed8z2yckoBeSfkQHHO9K1yDRxxtotKSJ9yvcTUUxSvfvzEq5GwBrjjHEpMlq/k5gvXdmJ1SbYxWtpNoVg=="
    },
    "object-inspect": {
      "version": "1.10.3",
      "resolved": "https://registry.npmjs.org/object-inspect/-/object-inspect-1.10.3.tgz",
      "integrity": "sha512-e5mCJlSH7poANfC8z8S9s9S2IN5/4Zb3aZ33f5s8YqoazCFzNLloLU8r5VCG+G7WoqLvAAZoVMcy3tp/3X0Plw=="
    },
    "once": {
      "version": "1.4.0",
      "resolved": "https://registry.npmjs.org/once/-/once-1.4.0.tgz",
      "integrity": "sha1-WDsap3WWHUsROsF9nFC6753Xa9E=",
      "requires": {
        "wrappy": "1"
      }
    },
    "openchemlib": {
      "version": "7.4.0",
      "resolved": "https://registry.npmjs.org/openchemlib/-/openchemlib-7.4.0.tgz",
      "integrity": "sha512-vQEjGOsFHy2685gdKohCkPs1W8eOG1vgwIvohzZp2saVpmFac8k0rD9NMhWZLByptck4jH4JgM2HS3vWM0gF6g=="
    },
    "openchemlib-utils": {
      "version": "1.2.0",
      "resolved": "https://registry.npmjs.org/openchemlib-utils/-/openchemlib-utils-1.2.0.tgz",
      "integrity": "sha512-/sdwS34D3LXL9Bxr5+AyQfuUbayMgyb/dJP4SicyE5O4nBXbAxUQb+vG3/n+2+4erg1xOQNGz7Q2WF8l923PMw==",
      "requires": {
        "atom-sorter": "^1.1.9",
        "ensure-string": "^0.1.1",
        "ml-floyd-warshall": "^1.0.3",
        "ml-matrix": "^6.8.0",
        "papaparse": "^5.3.0",
        "sdf-parser": "^4.0.2"
      }
    },
    "papaparse": {
      "version": "5.3.1",
      "resolved": "https://registry.npmjs.org/papaparse/-/papaparse-5.3.1.tgz",
      "integrity": "sha512-Dbt2yjLJrCwH2sRqKFFJaN5XgIASO9YOFeFP8rIBRG2Ain8mqk5r1M6DkfvqEVozVcz3r3HaUGw253hA1nLIcA=="
    },
    "process-nextick-args": {
      "version": "2.0.1",
      "resolved": "https://registry.npmjs.org/process-nextick-args/-/process-nextick-args-2.0.1.tgz",
      "integrity": "sha512-3ouUOpQhtgrbOa17J7+uxOTpITYWaGP7/AhoR3+A+/1e9skrzelGi/dXzEYyvbxubEF6Wn2ypscTKiKJFFn1ag=="
    },
    "pump": {
      "version": "3.0.0",
      "resolved": "https://registry.npmjs.org/pump/-/pump-3.0.0.tgz",
      "integrity": "sha512-LwZy+p3SFs1Pytd/jYct4wpv49HiYCqd9Rlc5ZVdk0V+8Yzv6jR5Blk3TRmPL1ft69TxP0IMZGJ+WPFU2BFhww==",
      "requires": {
        "end-of-stream": "^1.1.0",
        "once": "^1.3.1"
      }
    },
    "pumpify": {
      "version": "2.0.1",
      "resolved": "https://registry.npmjs.org/pumpify/-/pumpify-2.0.1.tgz",
      "integrity": "sha512-m7KOje7jZxrmutanlkS1daj1dS6z6BgslzOXmcSEpIlCxM3VJH7lG5QLeck/6hgF6F4crFf01UtQmNsJfweTAw==",
      "requires": {
        "duplexify": "^4.1.1",
        "inherits": "^2.0.3",
        "pump": "^3.0.0"
      }
    },
    "qs": {
      "version": "6.10.1",
      "resolved": "https://registry.npmjs.org/qs/-/qs-6.10.1.tgz",
      "integrity": "sha512-M528Hph6wsSVOBiYUnGf+K/7w0hNshs/duGsNXPUCLH5XAqjEtiPGwNONLV0tBH8NoGb0mvD5JubnUTrujKDTg==",
      "requires": {
        "side-channel": "^1.0.4"
      }
    },
    "readable-stream": {
      "version": "3.6.0",
      "resolved": "https://registry.npmjs.org/readable-stream/-/readable-stream-3.6.0.tgz",
      "integrity": "sha512-BViHy7LKeTz4oNnkcLJ+lVSL6vpiFeX6/d3oSH8zCW7UxP2onchk+vTGB143xuFjHS3deTgkKoXXymXqymiIdA==",
      "requires": {
        "inherits": "^2.0.3",
        "string_decoder": "^1.1.1",
        "util-deprecate": "^1.0.1"
      }
    },
    "safe-buffer": {
      "version": "5.2.1",
      "resolved": "https://registry.npmjs.org/safe-buffer/-/safe-buffer-5.2.1.tgz",
      "integrity": "sha512-rp3So07KcdmmKbGvgaNxQSJr7bGVSVk5S9Eq1F+ppbRo70+YeaDxkw5Dd8NPN+GD6bjnYm2VuPuCXmpuYvmCXQ=="
    },
    "sdf-parser": {
      "version": "4.0.2",
      "resolved": "https://registry.npmjs.org/sdf-parser/-/sdf-parser-4.0.2.tgz",
      "integrity": "sha512-XlJdTB4NWkm2olHlDJPFhyUZArx/RLm3f/wGaGRXUkjhcG4rrC5ehAlZp7XT/LGraHonNfma035C4w7vqKMGtQ==",
      "requires": {
        "pumpify": "^2.0.1",
        "split2": "^3.1.1",
        "through2": "^3.0.2",
        "through2-filter": "^3.0.0"
      }
    },
    "semver": {
      "version": "7.3.5",
      "resolved": "https://registry.npmjs.org/semver/-/semver-7.3.5.tgz",
      "integrity": "sha512-PoeGJYh8HK4BTO/a9Tf6ZG3veo/A7ZVsYrSA6J8ny9nb3B1VrpkuN+z9OE5wfE5p6H4LchYZsegiQgbJD94ZFQ==",
      "requires": {
        "lru-cache": "^6.0.0"
      }
    },
    "side-channel": {
      "version": "1.0.4",
      "resolved": "https://registry.npmjs.org/side-channel/-/side-channel-1.0.4.tgz",
      "integrity": "sha512-q5XPytqFEIKHkGdiMIrY10mvLRvnQh42/+GoBlFW3b2LXLE2xxJpZFdm94we0BaoV3RwJyGqg5wS7epxTv0Zvw==",
      "requires": {
        "call-bind": "^1.0.0",
        "get-intrinsic": "^1.0.2",
        "object-inspect": "^1.9.0"
      }
    },
    "spectrum-generator": {
      "version": "4.7.1",
      "resolved": "https://registry.npmjs.org/spectrum-generator/-/spectrum-generator-4.7.1.tgz",
      "integrity": "sha512-ibcCEpWaChRRvWFJ4POhS3IKnwDDah1wrNUsOsTBN2v1lAPDSHMTwAUruvI+OvU90hrB1m2x5ac2XQryZxo4kg==",
      "requires": {
        "d3-random": "^2.2.2",
        "ml-peak-shape-generator": "^1.0.0",
        "ml-xsadd": "^2.0.0"
      }
    },
    "spline-interpolator": {
      "version": "1.0.0",
      "resolved": "https://registry.npmjs.org/spline-interpolator/-/spline-interpolator-1.0.0.tgz",
      "integrity": "sha512-s8lowgsWE5wjHGEsk/4VADp7xAHw+pNy3OGp96fYjVTwLSx/83+BBmTFP2wZDRM0kj45q8zSyOV5fUcGn4hLEw==",
      "requires": {
        "d3-array": "^0.7.1"
      }
    },
    "split2": {
      "version": "3.2.2",
      "resolved": "https://registry.npmjs.org/split2/-/split2-3.2.2.tgz",
      "integrity": "sha512-9NThjpgZnifTkJpzTZ7Eue85S49QwpNhZTq6GRJwObb6jnLFNGB7Qm73V5HewTROPyxD0C29xqmaI68bQtV+hg==",
      "requires": {
        "readable-stream": "^3.0.0"
      }
    },
    "stream-shift": {
      "version": "1.0.1",
      "resolved": "https://registry.npmjs.org/stream-shift/-/stream-shift-1.0.1.tgz",
      "integrity": "sha512-AiisoFqQ0vbGcZgQPY1cdP2I76glaVA/RauYR4G4thNFgkTqr90yXTo4LYX60Jl+sIlPNHHdGSwo01AvbKUSVQ=="
    },
    "string_decoder": {
      "version": "1.3.0",
      "resolved": "https://registry.npmjs.org/string_decoder/-/string_decoder-1.3.0.tgz",
      "integrity": "sha512-hkRX8U1WjJFd8LsDJ2yQ/wWWxaopEsABU1XfkM8A+j0+85JAGppt16cr1Whg6KIbb4okU6Mql6BOj+uup/wKeA==",
      "requires": {
        "safe-buffer": "~5.2.0"
      }
    },
    "superagent": {
      "version": "6.1.0",
      "resolved": "https://registry.npmjs.org/superagent/-/superagent-6.1.0.tgz",
      "integrity": "sha512-OUDHEssirmplo3F+1HWKUrUjvnQuA+nZI6i/JJBdXb5eq9IyEQwPyPpqND+SSsxf6TygpBEkUjISVRN4/VOpeg==",
      "requires": {
        "component-emitter": "^1.3.0",
        "cookiejar": "^2.1.2",
        "debug": "^4.1.1",
        "fast-safe-stringify": "^2.0.7",
        "form-data": "^3.0.0",
        "formidable": "^1.2.2",
        "methods": "^1.1.2",
        "mime": "^2.4.6",
        "qs": "^6.9.4",
        "readable-stream": "^3.6.0",
        "semver": "^7.3.2"
      },
      "dependencies": {
        "form-data": {
          "version": "3.0.1",
          "resolved": "https://registry.npmjs.org/form-data/-/form-data-3.0.1.tgz",
          "integrity": "sha512-RHkBKtLWUVwd7SqRIvCZMEvAMoGUp0XU+seQiZejj0COz3RI3hWP4sCv3gZWWLjJTd7rGwcsF5eKZGii0r/hbg==",
          "requires": {
            "asynckit": "^0.4.0",
            "combined-stream": "^1.0.8",
            "mime-types": "^2.1.12"
          }
        }
      }
    },
    "through2": {
      "version": "3.0.2",
      "resolved": "https://registry.npmjs.org/through2/-/through2-3.0.2.tgz",
      "integrity": "sha512-enaDQ4MUyP2W6ZyT6EsMzqBPZaM/avg8iuo+l2d3QCs0J+6RaqkHV/2/lOwDTueBHeJ/2LG9lrLW3d5rWPucuQ==",
      "requires": {
        "inherits": "^2.0.4",
        "readable-stream": "2 || 3"
      }
    },
    "through2-filter": {
      "version": "3.0.0",
      "resolved": "https://registry.npmjs.org/through2-filter/-/through2-filter-3.0.0.tgz",
      "integrity": "sha512-jaRjI2WxN3W1V8/FMZ9HKIBXixtiqs3SQSX4/YGIiP3gL6djW48VoZq9tDqeCWs3MT8YY5wb/zli8VW8snY1CA==",
      "requires": {
        "through2": "~2.0.0",
        "xtend": "~4.0.0"
      },
      "dependencies": {
        "readable-stream": {
          "version": "2.3.7",
          "resolved": "https://registry.npmjs.org/readable-stream/-/readable-stream-2.3.7.tgz",
          "integrity": "sha512-Ebho8K4jIbHAxnuxi7o42OrZgF/ZTNcsZj6nRKyUmkhLFq8CHItp/fy6hQZuZmP/n3yZ9VBUbp4zz/mX8hmYPw==",
          "requires": {
            "core-util-is": "~1.0.0",
            "inherits": "~2.0.3",
            "isarray": "~1.0.0",
            "process-nextick-args": "~2.0.0",
            "safe-buffer": "~5.1.1",
            "string_decoder": "~1.1.1",
            "util-deprecate": "~1.0.1"
          }
        },
        "safe-buffer": {
          "version": "5.1.2",
          "resolved": "https://registry.npmjs.org/safe-buffer/-/safe-buffer-5.1.2.tgz",
          "integrity": "sha512-Gd2UZBJDkXlY7GbJxfsE8/nvKkUEU1G38c1siN6QP6a9PT9MmHB8GnpscSmMJSoF8LOIrt8ud/wPtojys4G6+g=="
        },
        "string_decoder": {
          "version": "1.1.1",
          "resolved": "https://registry.npmjs.org/string_decoder/-/string_decoder-1.1.1.tgz",
          "integrity": "sha512-n/ShnvDi6FHbbVfviro+WojiFzv+s8MPMHBczVePfUpDJLwoLT0ht1l4YwBCbi8pJAveEEdnkHyPyTP/mzRfwg==",
          "requires": {
            "safe-buffer": "~5.1.0"
          }
        },
        "through2": {
          "version": "2.0.5",
          "resolved": "https://registry.npmjs.org/through2/-/through2-2.0.5.tgz",
          "integrity": "sha512-/mrRod8xqpA+IHSLyGCQ2s8SPHiCDEeQJSep1jqLYeEUClOFG2Qsh+4FU6G9VeqpZnGW/Su8LQGc4YKni5rYSQ==",
          "requires": {
            "readable-stream": "~2.3.6",
            "xtend": "~4.0.1"
          }
        }
      }
    },
    "util-deprecate": {
      "version": "1.0.2",
      "resolved": "https://registry.npmjs.org/util-deprecate/-/util-deprecate-1.0.2.tgz",
      "integrity": "sha1-RQ1Nyfpw3nMnYvvS1KKJgUGaDM8="
    },
    "wrappy": {
      "version": "1.0.2",
      "resolved": "https://registry.npmjs.org/wrappy/-/wrappy-1.0.2.tgz",
      "integrity": "sha1-tSQ9jz7BqjXxNkYFvA0QNuMKtp8="
    },
    "xtend": {
      "version": "4.0.2",
      "resolved": "https://registry.npmjs.org/xtend/-/xtend-4.0.2.tgz",
      "integrity": "sha512-LKYU1iAXJXUgAXn9URjiu+MWhyUXHsvfp7mcuYm9dSUKK0/CjtrUwFAxD82/mCWbtLsGjFIad0wIsod4zrTAEQ=="
    },
    "yallist": {
      "version": "4.0.0",
      "resolved": "https://registry.npmjs.org/yallist/-/yallist-4.0.0.tgz",
      "integrity": "sha512-3wdGidZyq5PB084XLES5TpOSRA3wjXAlIWMhum2kRcv/41Sn2emQ0dycQW4uZXLejwKvg6EsvbdlVL+FYEct7A=="
    }
  }
}
